
Microsoft Visual Studio Solution File, Format Version 12.00
# Visual Studio Version 17
VisualStudioVersion = 17.10.35004.147
MinimumVisualStudioVersion = 10.0.40219.1
Project("{9A19103F-16F7-4668-BE54-9A1E7A4F7556}") = "KTU_forum", "KTU_forum\KTU_forum.csproj", "{295F9B6D-209D-47D0-BC66-AAD3AFF6BF6A}"
EndProject
Global
	GlobalSection(SolutionConfigurationPlatforms) = preSolution
		Debug|Any CPU = Debug|Any CPU
		Release|Any CPU = Release|Any CPU
	EndGlobalSection
	GlobalSection(ProjectConfigurationPlatforms) = postSolution
		{295F9B6D-209D-47D0-BC66-AAD3AFF6BF6A}.Debug|Any CPU.ActiveCfg = Debug|Any CPU
		{295F9B6D-209D-47D0-BC66-AAD3AFF6BF6A}.Debug|Any CPU.Build.0 = Debug|Any CPU
		{295F9B6D-209D-47D0-BC66-AAD3AFF6BF6A}.Release|Any CPU.ActiveCfg = Release|Any CPU
		{295F9B6D-209D-47D0-BC66-AAD3AFF6BF6A}.Release|Any CPU.Build.0 = Release|Any CPU
	EndGlobalSection
	GlobalSection(SolutionProperties) = preSolution
		HideSolutionNode = FALSE
	EndGlobalSection
	GlobalSection(ExtensibilityGlobals) = postSolution
		SolutionGuid = {497FDB1F-83CD-41E0-A940-864B42E706F1}
	EndGlobalSection
EndGlobal
